{
    "version": 3,
    "terraform_version": "0.11.13",
    "serial": 2,
    "lineage": "25a15a9e-0a75-7ed3-65ee-796f3bd57a1a",
    "modules": [
        {
            "path": [
                "root"
            ],
            "outputs": {
                "cluster_name": {
                    "sensitive": false,
                    "type": "string",
                    "value": "k8s.eu-central-1a.sumo.mozit.cloud"
                },
                "master_autoscaling_group_ids": {
                    "sensitive": false,
                    "type": "list",
                    "value": [
                        "master-eu-central-1a.masters.k8s.eu-central-1a.sumo.mozit.cloud"
                    ]
                },
                "master_security_group_ids": {
                    "sensitive": false,
                    "type": "list",
                    "value": [
                        "sg-0718c0e14df1c5297"
                    ]
                },
                "masters_role_arn": {
                    "sensitive": false,
                    "type": "string",
                    "value": "arn:aws:iam::095732026120:role/masters.k8s.eu-central-1a.sumo.mozit.cloud"
                },
                "masters_role_name": {
                    "sensitive": false,
                    "type": "string",
                    "value": "masters.k8s.eu-central-1a.sumo.mozit.cloud"
                },
                "node_autoscaling_group_ids": {
                    "sensitive": false,
                    "type": "list",
                    "value": [
                        "nodes.k8s.eu-central-1a.sumo.mozit.cloud"
                    ]
                },
                "node_security_group_ids": {
                    "sensitive": false,
                    "type": "list",
                    "value": [
                        "sg-014c42136785fb609"
                    ]
                },
                "node_subnet_ids": {
                    "sensitive": false,
                    "type": "list",
                    "value": [
                        "subnet-0af7e095ca6a919e6"
                    ]
                },
                "nodes_role_arn": {
                    "sensitive": false,
                    "type": "string",
                    "value": "arn:aws:iam::095732026120:role/nodes.k8s.eu-central-1a.sumo.mozit.cloud"
                },
                "nodes_role_name": {
                    "sensitive": false,
                    "type": "string",
                    "value": "nodes.k8s.eu-central-1a.sumo.mozit.cloud"
                },
                "region": {
                    "sensitive": false,
                    "type": "string",
                    "value": "eu-central-1"
                },
                "subnet_eu-central-1a_id": {
                    "sensitive": false,
                    "type": "string",
                    "value": "subnet-0af7e095ca6a919e6"
                },
                "subnet_ids": {
                    "sensitive": false,
                    "type": "list",
                    "value": [
                        "subnet-0af7e095ca6a919e6"
                    ]
                },
                "vpc_id": {
                    "sensitive": false,
                    "type": "string",
                    "value": "vpc-0ed503a53aa863c76"
                }
            },
            "resources": {
                "aws_autoscaling_group.master-eu-central-1a-masters-k8s-eu-central-1a-sumo-mozit-cloud": {
                    "type": "aws_autoscaling_group",
                    "depends_on": [
                        "aws_launch_configuration.master-eu-central-1a-masters-k8s-eu-central-1a-sumo-mozit-cloud"
                    ],
                    "primary": {
                        "id": "master-eu-central-1a.masters.k8s.eu-central-1a.sumo.mozit.cloud",
                        "attributes": {
                            "arn": "arn:aws:autoscaling:eu-central-1:095732026120:autoScalingGroup:937e481c-f5d2-44d8-ba9a-b44c108e3da7:autoScalingGroupName/master-eu-central-1a.masters.k8s.eu-central-1a.sumo.mozit.cloud",
                            "availability_zones.#": "1",
                            "availability_zones.1126047633": "eu-central-1a",
                            "default_cooldown": "300",
                            "desired_capacity": "1",
                            "enabled_metrics.#": "8",
                            "enabled_metrics.119681000": "GroupStandbyInstances",
                            "enabled_metrics.1940933563": "GroupTotalInstances",
                            "enabled_metrics.308948767": "GroupPendingInstances",
                            "enabled_metrics.3267518000": "GroupTerminatingInstances",
                            "enabled_metrics.3394537085": "GroupDesiredCapacity",
                            "enabled_metrics.3551801763": "GroupInServiceInstances",
                            "enabled_metrics.4118539418": "GroupMinSize",
                            "enabled_metrics.4136111317": "GroupMaxSize",
                            "force_delete": "false",
                            "health_check_grace_period": "300",
                            "health_check_type": "EC2",
                            "id": "master-eu-central-1a.masters.k8s.eu-central-1a.sumo.mozit.cloud",
                            "launch_configuration": "master-eu-central-1a.masters.k8s.eu-central-1a.sumo.mozit.cloud-20190501030955337400000002",
                            "launch_template.#": "0",
                            "load_balancers.#": "0",
                            "max_size": "1",
                            "metrics_granularity": "1Minute",
                            "min_size": "1",
                            "mixed_instances_policy.#": "0",
                            "name": "master-eu-central-1a.masters.k8s.eu-central-1a.sumo.mozit.cloud",
                            "placement_group": "",
                            "protect_from_scale_in": "false",
                            "service_linked_role_arn": "arn:aws:iam::095732026120:role/aws-service-role/autoscaling.amazonaws.com/AWSServiceRoleForAutoScaling",
                            "suspended_processes.#": "0",
                            "tag.#": "4",
                            "tag.1601041186.key": "k8s.io/role/master",
                            "tag.1601041186.propagate_at_launch": "true",
                            "tag.1601041186.value": "1",
                            "tag.2033196435.key": "KubernetesCluster",
                            "tag.2033196435.propagate_at_launch": "true",
                            "tag.2033196435.value": "k8s.eu-central-1a.sumo.mozit.cloud",
                            "tag.296694174.key": "k8s.io/cluster-autoscaler/node-template/label/kops.k8s.io/instancegroup",
                            "tag.296694174.propagate_at_launch": "true",
                            "tag.296694174.value": "master-eu-central-1a",
                            "tag.2995492345.key": "Name",
                            "tag.2995492345.propagate_at_launch": "true",
                            "tag.2995492345.value": "master-eu-central-1a.masters.k8s.eu-central-1a.sumo.mozit.cloud",
                            "target_group_arns.#": "0",
                            "termination_policies.#": "0",
                            "vpc_zone_identifier.#": "1",
                            "vpc_zone_identifier.2516208789": "subnet-0af7e095ca6a919e6",
                            "wait_for_capacity_timeout": "10m"
                        },
                        "meta": {
                            "e2bfb730-ecaa-11e6-8f88-34363bc7c4c0": {
                                "delete": 600000000000
                            }
                        },
                        "tainted": false
                    },
                    "deposed": [],
                    "provider": "provider.aws"
                },
                "aws_autoscaling_group.nodes-k8s-eu-central-1a-sumo-mozit-cloud": {
                    "type": "aws_autoscaling_group",
                    "depends_on": [
                        "aws_launch_configuration.nodes-k8s-eu-central-1a-sumo-mozit-cloud"
                    ],
                    "primary": {
                        "id": "nodes.k8s.eu-central-1a.sumo.mozit.cloud",
                        "attributes": {
                            "arn": "arn:aws:autoscaling:eu-central-1:095732026120:autoScalingGroup:3563e4e7-5b4c-4c89-91a2-d54399239527:autoScalingGroupName/nodes.k8s.eu-central-1a.sumo.mozit.cloud",
                            "availability_zones.#": "1",
                            "availability_zones.1126047633": "eu-central-1a",
                            "default_cooldown": "300",
                            "desired_capacity": "3",
                            "enabled_metrics.#": "8",
                            "enabled_metrics.119681000": "GroupStandbyInstances",
                            "enabled_metrics.1940933563": "GroupTotalInstances",
                            "enabled_metrics.308948767": "GroupPendingInstances",
                            "enabled_metrics.3267518000": "GroupTerminatingInstances",
                            "enabled_metrics.3394537085": "GroupDesiredCapacity",
                            "enabled_metrics.3551801763": "GroupInServiceInstances",
                            "enabled_metrics.4118539418": "GroupMinSize",
                            "enabled_metrics.4136111317": "GroupMaxSize",
                            "force_delete": "false",
                            "health_check_grace_period": "300",
                            "health_check_type": "EC2",
                            "id": "nodes.k8s.eu-central-1a.sumo.mozit.cloud",
                            "launch_configuration": "nodes.k8s.eu-central-1a.sumo.mozit.cloud-20190501030954787700000001",
                            "launch_template.#": "0",
                            "load_balancers.#": "0",
                            "max_size": "3",
                            "metrics_granularity": "1Minute",
                            "min_size": "3",
                            "mixed_instances_policy.#": "0",
                            "name": "nodes.k8s.eu-central-1a.sumo.mozit.cloud",
                            "placement_group": "",
                            "protect_from_scale_in": "false",
                            "service_linked_role_arn": "arn:aws:iam::095732026120:role/aws-service-role/autoscaling.amazonaws.com/AWSServiceRoleForAutoScaling",
                            "suspended_processes.#": "0",
                            "tag.#": "4",
                            "tag.1967977115.key": "k8s.io/role/node",
                            "tag.1967977115.propagate_at_launch": "true",
                            "tag.1967977115.value": "1",
                            "tag.2033196435.key": "KubernetesCluster",
                            "tag.2033196435.propagate_at_launch": "true",
                            "tag.2033196435.value": "k8s.eu-central-1a.sumo.mozit.cloud",
                            "tag.3797468638.key": "Name",
                            "tag.3797468638.propagate_at_launch": "true",
                            "tag.3797468638.value": "nodes.k8s.eu-central-1a.sumo.mozit.cloud",
                            "tag.859419842.key": "k8s.io/cluster-autoscaler/node-template/label/kops.k8s.io/instancegroup",
                            "tag.859419842.propagate_at_launch": "true",
                            "tag.859419842.value": "nodes",
                            "target_group_arns.#": "0",
                            "termination_policies.#": "0",
                            "vpc_zone_identifier.#": "1",
                            "vpc_zone_identifier.2516208789": "subnet-0af7e095ca6a919e6",
                            "wait_for_capacity_timeout": "10m"
                        },
                        "meta": {
                            "e2bfb730-ecaa-11e6-8f88-34363bc7c4c0": {
                                "delete": 600000000000
                            }
                        },
                        "tainted": false
                    },
                    "deposed": [],
                    "provider": "provider.aws"
                },
                "aws_ebs_volume.a-etcd-events-k8s-eu-central-1a-sumo-mozit-cloud": {
                    "type": "aws_ebs_volume",
                    "depends_on": [],
                    "primary": {
                        "id": "vol-0b0d0750d7c4835b5",
                        "attributes": {
                            "arn": "arn:aws:ec2:eu-central-1:095732026120:volume/vol-0b0d0750d7c4835b5",
                            "availability_zone": "eu-central-1a",
                            "encrypted": "false",
                            "id": "vol-0b0d0750d7c4835b5",
                            "iops": "100",
                            "kms_key_id": "",
                            "size": "20",
                            "snapshot_id": "",
                            "tags.%": "5",
                            "tags.KubernetesCluster": "k8s.eu-central-1a.sumo.mozit.cloud",
                            "tags.Name": "a.etcd-events.k8s.eu-central-1a.sumo.mozit.cloud",
                            "tags.k8s.io/etcd/events": "a/a",
                            "tags.k8s.io/role/master": "1",
                            "tags.kubernetes.io/cluster/k8s.eu-central-1a.sumo.mozit.cloud": "owned",
                            "type": "gp2"
                        },
                        "meta": {},
                        "tainted": false
                    },
                    "deposed": [],
                    "provider": "provider.aws"
                },
                "aws_ebs_volume.a-etcd-main-k8s-eu-central-1a-sumo-mozit-cloud": {
                    "type": "aws_ebs_volume",
                    "depends_on": [],
                    "primary": {
                        "id": "vol-08127545ac4267ee9",
                        "attributes": {
                            "arn": "arn:aws:ec2:eu-central-1:095732026120:volume/vol-08127545ac4267ee9",
                            "availability_zone": "eu-central-1a",
                            "encrypted": "false",
                            "id": "vol-08127545ac4267ee9",
                            "iops": "100",
                            "kms_key_id": "",
                            "size": "20",
                            "snapshot_id": "",
                            "tags.%": "5",
                            "tags.KubernetesCluster": "k8s.eu-central-1a.sumo.mozit.cloud",
                            "tags.Name": "a.etcd-main.k8s.eu-central-1a.sumo.mozit.cloud",
                            "tags.k8s.io/etcd/main": "a/a",
                            "tags.k8s.io/role/master": "1",
                            "tags.kubernetes.io/cluster/k8s.eu-central-1a.sumo.mozit.cloud": "owned",
                            "type": "gp2"
                        },
                        "meta": {},
                        "tainted": false
                    },
                    "deposed": [],
                    "provider": "provider.aws"
                },
                "aws_iam_instance_profile.masters-k8s-eu-central-1a-sumo-mozit-cloud": {
                    "type": "aws_iam_instance_profile",
                    "depends_on": [
                        "aws_iam_role.masters-k8s-eu-central-1a-sumo-mozit-cloud"
                    ],
                    "primary": {
                        "id": "masters.k8s.eu-central-1a.sumo.mozit.cloud",
                        "attributes": {
                            "arn": "arn:aws:iam::095732026120:instance-profile/masters.k8s.eu-central-1a.sumo.mozit.cloud",
                            "create_date": "2019-05-01T03:09:50Z",
                            "id": "masters.k8s.eu-central-1a.sumo.mozit.cloud",
                            "name": "masters.k8s.eu-central-1a.sumo.mozit.cloud",
                            "path": "/",
                            "role": "masters.k8s.eu-central-1a.sumo.mozit.cloud",
                            "roles.#": "0",
                            "unique_id": "AIPARMSQSZMED2IMBB53C"
                        },
                        "meta": {},
                        "tainted": false
                    },
                    "deposed": [],
                    "provider": "provider.aws"
                },
                "aws_iam_instance_profile.nodes-k8s-eu-central-1a-sumo-mozit-cloud": {
                    "type": "aws_iam_instance_profile",
                    "depends_on": [
                        "aws_iam_role.nodes-k8s-eu-central-1a-sumo-mozit-cloud"
                    ],
                    "primary": {
                        "id": "nodes.k8s.eu-central-1a.sumo.mozit.cloud",
                        "attributes": {
                            "arn": "arn:aws:iam::095732026120:instance-profile/nodes.k8s.eu-central-1a.sumo.mozit.cloud",
                            "create_date": "2019-05-01T03:09:49Z",
                            "id": "nodes.k8s.eu-central-1a.sumo.mozit.cloud",
                            "name": "nodes.k8s.eu-central-1a.sumo.mozit.cloud",
                            "path": "/",
                            "role": "nodes.k8s.eu-central-1a.sumo.mozit.cloud",
                            "roles.#": "0",
                            "unique_id": "AIPARMSQSZMEA7RBSFJVS"
                        },
                        "meta": {},
                        "tainted": false
                    },
                    "deposed": [],
                    "provider": "provider.aws"
                },
                "aws_iam_role.masters-k8s-eu-central-1a-sumo-mozit-cloud": {
                    "type": "aws_iam_role",
                    "depends_on": [],
                    "primary": {
                        "id": "masters.k8s.eu-central-1a.sumo.mozit.cloud",
                        "attributes": {
                            "arn": "arn:aws:iam::095732026120:role/masters.k8s.eu-central-1a.sumo.mozit.cloud",
                            "assume_role_policy": "{\"Version\":\"2012-10-17\",\"Statement\":[{\"Effect\":\"Allow\",\"Principal\":{\"Service\":\"ec2.amazonaws.com\"},\"Action\":\"sts:AssumeRole\"}]}",
                            "create_date": "2019-05-01T03:09:48Z",
                            "description": "",
                            "force_detach_policies": "false",
                            "id": "masters.k8s.eu-central-1a.sumo.mozit.cloud",
                            "max_session_duration": "3600",
                            "name": "masters.k8s.eu-central-1a.sumo.mozit.cloud",
                            "path": "/",
                            "tags.%": "0",
                            "unique_id": "AROARMSQSZMEC5TYWKF7T"
                        },
                        "meta": {},
                        "tainted": false
                    },
                    "deposed": [],
                    "provider": "provider.aws"
                },
                "aws_iam_role.nodes-k8s-eu-central-1a-sumo-mozit-cloud": {
                    "type": "aws_iam_role",
                    "depends_on": [],
                    "primary": {
                        "id": "nodes.k8s.eu-central-1a.sumo.mozit.cloud",
                        "attributes": {
                            "arn": "arn:aws:iam::095732026120:role/nodes.k8s.eu-central-1a.sumo.mozit.cloud",
                            "assume_role_policy": "{\"Version\":\"2012-10-17\",\"Statement\":[{\"Effect\":\"Allow\",\"Principal\":{\"Service\":\"ec2.amazonaws.com\"},\"Action\":\"sts:AssumeRole\"}]}",
                            "create_date": "2019-05-01T03:09:49Z",
                            "description": "",
                            "force_detach_policies": "false",
                            "id": "nodes.k8s.eu-central-1a.sumo.mozit.cloud",
                            "max_session_duration": "3600",
                            "name": "nodes.k8s.eu-central-1a.sumo.mozit.cloud",
                            "path": "/",
                            "tags.%": "0",
                            "unique_id": "AROARMSQSZMEA4HCZFV62"
                        },
                        "meta": {},
                        "tainted": false
                    },
                    "deposed": [],
                    "provider": "provider.aws"
                },
                "aws_iam_role_policy.masters-k8s-eu-central-1a-sumo-mozit-cloud": {
                    "type": "aws_iam_role_policy",
                    "depends_on": [
                        "aws_iam_role.masters-k8s-eu-central-1a-sumo-mozit-cloud"
                    ],
                    "primary": {
                        "id": "masters.k8s.eu-central-1a.sumo.mozit.cloud:masters.k8s.eu-central-1a.sumo.mozit.cloud",
                        "attributes": {
                            "id": "masters.k8s.eu-central-1a.sumo.mozit.cloud:masters.k8s.eu-central-1a.sumo.mozit.cloud",
                            "name": "masters.k8s.eu-central-1a.sumo.mozit.cloud",
                            "policy": "{\n  \"Version\": \"2012-10-17\",\n  \"Statement\": [\n    {\n      \"Effect\": \"Allow\",\n      \"Action\": [\n        \"ec2:DescribeInstances\",\n        \"ec2:DescribeRegions\",\n        \"ec2:DescribeRouteTables\",\n        \"ec2:DescribeSecurityGroups\",\n        \"ec2:DescribeSubnets\",\n        \"ec2:DescribeVolumes\"\n      ],\n      \"Resource\": [\n        \"*\"\n      ]\n    },\n    {\n      \"Effect\": \"Allow\",\n      \"Action\": [\n        \"ec2:CreateSecurityGroup\",\n        \"ec2:CreateTags\",\n        \"ec2:CreateVolume\",\n        \"ec2:DescribeVolumesModifications\",\n        \"ec2:ModifyInstanceAttribute\",\n        \"ec2:ModifyVolume\"\n      ],\n      \"Resource\": [\n        \"*\"\n      ]\n    },\n    {\n      \"Effect\": \"Allow\",\n      \"Action\": [\n        \"ec2:AttachVolume\",\n        \"ec2:AuthorizeSecurityGroupIngress\",\n        \"ec2:CreateRoute\",\n        \"ec2:DeleteRoute\",\n        \"ec2:DeleteSecurityGroup\",\n        \"ec2:DeleteVolume\",\n        \"ec2:DetachVolume\",\n        \"ec2:RevokeSecurityGroupIngress\"\n      ],\n      \"Resource\": [\n        \"*\"\n      ],\n      \"Condition\": {\n        \"StringEquals\": {\n          \"ec2:ResourceTag/KubernetesCluster\": \"k8s.eu-central-1a.sumo.mozit.cloud\"\n        }\n      }\n    },\n    {\n      \"Effect\": \"Allow\",\n      \"Action\": [\n        \"autoscaling:DescribeAutoScalingGroups\",\n        \"autoscaling:DescribeLaunchConfigurations\",\n        \"autoscaling:DescribeTags\"\n      ],\n      \"Resource\": [\n        \"*\"\n      ]\n    },\n    {\n      \"Effect\": \"Allow\",\n      \"Action\": [\n        \"autoscaling:SetDesiredCapacity\",\n        \"autoscaling:TerminateInstanceInAutoScalingGroup\",\n        \"autoscaling:UpdateAutoScalingGroup\"\n      ],\n      \"Resource\": [\n        \"*\"\n      ],\n      \"Condition\": {\n        \"StringEquals\": {\n          \"autoscaling:ResourceTag/KubernetesCluster\": \"k8s.eu-central-1a.sumo.mozit.cloud\"\n        }\n      }\n    },\n    {\n      \"Effect\": \"Allow\",\n      \"Action\": [\n        \"elasticloadbalancing:AddTags\",\n        \"elasticloadbalancing:AttachLoadBalancerToSubnets\",\n        \"elasticloadbalancing:ApplySecurityGroupsToLoadBalancer\",\n        \"elasticloadbalancing:CreateLoadBalancer\",\n        \"elasticloadbalancing:CreateLoadBalancerPolicy\",\n        \"elasticloadbalancing:CreateLoadBalancerListeners\",\n        \"elasticloadbalancing:ConfigureHealthCheck\",\n        \"elasticloadbalancing:DeleteLoadBalancer\",\n        \"elasticloadbalancing:DeleteLoadBalancerListeners\",\n        \"elasticloadbalancing:DescribeLoadBalancers\",\n        \"elasticloadbalancing:DescribeLoadBalancerAttributes\",\n        \"elasticloadbalancing:DetachLoadBalancerFromSubnets\",\n        \"elasticloadbalancing:DeregisterInstancesFromLoadBalancer\",\n        \"elasticloadbalancing:ModifyLoadBalancerAttributes\",\n        \"elasticloadbalancing:RegisterInstancesWithLoadBalancer\",\n        \"elasticloadbalancing:SetLoadBalancerPoliciesForBackendServer\"\n      ],\n      \"Resource\": [\n        \"*\"\n      ]\n    },\n    {\n      \"Effect\": \"Allow\",\n      \"Action\": [\n        \"ec2:DescribeVpcs\",\n        \"elasticloadbalancing:AddTags\",\n        \"elasticloadbalancing:CreateListener\",\n        \"elasticloadbalancing:CreateTargetGroup\",\n        \"elasticloadbalancing:DeleteListener\",\n        \"elasticloadbalancing:DeleteTargetGroup\",\n        \"elasticloadbalancing:DeregisterTargets\",\n        \"elasticloadbalancing:DescribeListeners\",\n        \"elasticloadbalancing:DescribeLoadBalancerPolicies\",\n        \"elasticloadbalancing:DescribeTargetGroups\",\n        \"elasticloadbalancing:DescribeTargetHealth\",\n        \"elasticloadbalancing:ModifyListener\",\n        \"elasticloadbalancing:ModifyTargetGroup\",\n        \"elasticloadbalancing:RegisterTargets\",\n        \"elasticloadbalancing:SetLoadBalancerPoliciesOfListener\"\n      ],\n      \"Resource\": [\n        \"*\"\n      ]\n    },\n    {\n      \"Effect\": \"Allow\",\n      \"Action\": [\n        \"iam:ListServerCertificates\",\n        \"iam:GetServerCertificate\"\n      ],\n      \"Resource\": [\n        \"*\"\n      ]\n    },\n    {\n      \"Effect\": \"Allow\",\n      \"Action\": [\n        \"s3:GetBucketLocation\",\n        \"s3:GetEncryptionConfiguration\",\n        \"s3:ListBucket\"\n      ],\n      \"Resource\": [\n        \"arn:aws:s3:::sumo-kops-state-095732026120\"\n      ]\n    },\n    {\n      \"Effect\": \"Allow\",\n      \"Action\": [\n        \"s3:Get*\"\n      ],\n      \"Resource\": \"arn:aws:s3:::sumo-kops-state-095732026120/k8s.eu-central-1a.sumo.mozit.cloud/*\"\n    },\n    {\n      \"Effect\": \"Allow\",\n      \"Action\": [\n        \"route53:ChangeResourceRecordSets\",\n        \"route53:ListResourceRecordSets\",\n        \"route53:GetHostedZone\"\n      ],\n      \"Resource\": [\n        \"arn:aws:route53:::hostedzone/ZKTG8J3XL4CCR\"\n      ]\n    },\n    {\n      \"Effect\": \"Allow\",\n      \"Action\": [\n        \"route53:GetChange\"\n      ],\n      \"Resource\": [\n        \"arn:aws:route53:::change/*\"\n      ]\n    },\n    {\n      \"Effect\": \"Allow\",\n      \"Action\": [\n        \"route53:ListHostedZones\"\n      ],\n      \"Resource\": [\n        \"*\"\n      ]\n    },\n    {\n      \"Effect\": \"Allow\",\n      \"Action\": [\n        \"ecr:GetAuthorizationToken\",\n        \"ecr:BatchCheckLayerAvailability\",\n        \"ecr:GetDownloadUrlForLayer\",\n        \"ecr:GetRepositoryPolicy\",\n        \"ecr:DescribeRepositories\",\n        \"ecr:ListImages\",\n        \"ecr:BatchGetImage\"\n      ],\n      \"Resource\": [\n        \"*\"\n      ]\n    }\n  ]\n}",
                            "role": "masters.k8s.eu-central-1a.sumo.mozit.cloud"
                        },
                        "meta": {},
                        "tainted": false
                    },
                    "deposed": [],
                    "provider": "provider.aws"
                },
                "aws_iam_role_policy.nodes-k8s-eu-central-1a-sumo-mozit-cloud": {
                    "type": "aws_iam_role_policy",
                    "depends_on": [
                        "aws_iam_role.nodes-k8s-eu-central-1a-sumo-mozit-cloud"
                    ],
                    "primary": {
                        "id": "nodes.k8s.eu-central-1a.sumo.mozit.cloud:nodes.k8s.eu-central-1a.sumo.mozit.cloud",
                        "attributes": {
                            "id": "nodes.k8s.eu-central-1a.sumo.mozit.cloud:nodes.k8s.eu-central-1a.sumo.mozit.cloud",
                            "name": "nodes.k8s.eu-central-1a.sumo.mozit.cloud",
                            "policy": "{\n  \"Version\": \"2012-10-17\",\n  \"Statement\": [\n    {\n      \"Effect\": \"Allow\",\n      \"Action\": [\n        \"ec2:DescribeInstances\",\n        \"ec2:DescribeRegions\"\n      ],\n      \"Resource\": [\n        \"*\"\n      ]\n    },\n    {\n      \"Effect\": \"Allow\",\n      \"Action\": [\n        \"s3:GetBucketLocation\",\n        \"s3:GetEncryptionConfiguration\",\n        \"s3:ListBucket\"\n      ],\n      \"Resource\": [\n        \"arn:aws:s3:::sumo-kops-state-095732026120\"\n      ]\n    },\n    {\n      \"Effect\": \"Allow\",\n      \"Action\": [\n        \"s3:Get*\"\n      ],\n      \"Resource\": [\n        \"arn:aws:s3:::sumo-kops-state-095732026120/k8s.eu-central-1a.sumo.mozit.cloud/addons/*\",\n        \"arn:aws:s3:::sumo-kops-state-095732026120/k8s.eu-central-1a.sumo.mozit.cloud/cluster.spec\",\n        \"arn:aws:s3:::sumo-kops-state-095732026120/k8s.eu-central-1a.sumo.mozit.cloud/config\",\n        \"arn:aws:s3:::sumo-kops-state-095732026120/k8s.eu-central-1a.sumo.mozit.cloud/instancegroup/*\",\n        \"arn:aws:s3:::sumo-kops-state-095732026120/k8s.eu-central-1a.sumo.mozit.cloud/pki/issued/*\",\n        \"arn:aws:s3:::sumo-kops-state-095732026120/k8s.eu-central-1a.sumo.mozit.cloud/pki/private/kube-proxy/*\",\n        \"arn:aws:s3:::sumo-kops-state-095732026120/k8s.eu-central-1a.sumo.mozit.cloud/pki/private/kubelet/*\",\n        \"arn:aws:s3:::sumo-kops-state-095732026120/k8s.eu-central-1a.sumo.mozit.cloud/pki/ssh/*\",\n        \"arn:aws:s3:::sumo-kops-state-095732026120/k8s.eu-central-1a.sumo.mozit.cloud/secrets/dockerconfig\"\n      ]\n    },\n    {\n      \"Effect\": \"Allow\",\n      \"Action\": [\n        \"s3:Get*\"\n      ],\n      \"Resource\": \"arn:aws:s3:::sumo-kops-state-095732026120/k8s.eu-central-1a.sumo.mozit.cloud/pki/private/calico-client/*\"\n    },\n    {\n      \"Effect\": \"Allow\",\n      \"Action\": [\n        \"ecr:GetAuthorizationToken\",\n        \"ecr:BatchCheckLayerAvailability\",\n        \"ecr:GetDownloadUrlForLayer\",\n        \"ecr:GetRepositoryPolicy\",\n        \"ecr:DescribeRepositories\",\n        \"ecr:ListImages\",\n        \"ecr:BatchGetImage\"\n      ],\n      \"Resource\": [\n        \"*\"\n      ]\n    }\n  ]\n}",
                            "role": "nodes.k8s.eu-central-1a.sumo.mozit.cloud"
                        },
                        "meta": {},
                        "tainted": false
                    },
                    "deposed": [],
                    "provider": "provider.aws"
                },
                "aws_key_pair.kubernetes-k8s-eu-central-1a-sumo-mozit-cloud-3487caebf6e06151c19ef85d3e2bba12": {
                    "type": "aws_key_pair",
                    "depends_on": [],
                    "primary": {
                        "id": "kubernetes.k8s.eu-central-1a.sumo.mozit.cloud-34:87:ca:eb:f6:e0:61:51:c1:9e:f8:5d:3e:2b:ba:12",
                        "attributes": {
                            "fingerprint": "e1:e4:c3:85:6f:bf:71:ff:b2:11:e6:2a:a2:73:df:24",
                            "id": "kubernetes.k8s.eu-central-1a.sumo.mozit.cloud-34:87:ca:eb:f6:e0:61:51:c1:9e:f8:5d:3e:2b:ba:12",
                            "key_name": "kubernetes.k8s.eu-central-1a.sumo.mozit.cloud-34:87:ca:eb:f6:e0:61:51:c1:9e:f8:5d:3e:2b:ba:12",
                            "public_key": "ssh-rsa AAAAB3NzaC1yc2EAAAADAQABAAACAQCWRvKjg4pkZgCgGiuxhMxHq8mj2NMEPfjY0nzITbITo8fTkFTWNcy3LgineWSriq/MPWnRAcZ89kqE/8fno9k6016GSx/1F8cWXTLTL0wMSXj/YNyXhe4QhEvUdnm0l3gVZpUWwH2TmE0aJYp9QJrEjurDK5/JP6zyBPG6/+b+xsMANtli4C7RnxjCQQPGQelngKcGGTQM3CmVYq/CQT01DQpbv9WgqVKT+JAvAOn88QNenyrqXDRCw9gHk+YDVcBO9y8/QBjF5jLNkGPm7ia6KAl+skOj+NgcMCIZKg8KfmKo32Kpng5YSaUdy6VGkEkU82mZkk8w4I1uDYycQj88jsHmgeBVLU7WKZOd7d04Mpri+0YYwLq8MPU+wDPjOEzpG7ni4KLTkjpDIySzhbVBF3BsRjugzHEBmF7eWYXCwCmYTAvIIdmEiCLsJRzeSsCwn1AR64y2AnFXmnyypSRhRcYwGGqlg4zhuDxMMWp4IPyjbzNzRvWS1oMzVSUeeb7bUg6bC/hv6KySJHvHazaijUZgbpjIc5pAorgb25abM0hRbaDWUD2Du79GQsHUy3VjIchbfgU/9p3x/vsmFp1ugBDHUNkoLT4dyJD9lBcOUUzwtNHWZEA7ijqvQhKQfvrp133s67op+12vK+JN10kGvtNcKokaANY7hrTM/rqzGQ== eric@client-10-48-240-25.vpn.mdc1.mozilla.com"
                        },
                        "meta": {
                            "schema_version": "1"
                        },
                        "tainted": false
                    },
                    "deposed": [],
                    "provider": "provider.aws"
                },
                "aws_launch_configuration.master-eu-central-1a-masters-k8s-eu-central-1a-sumo-mozit-cloud": {
                    "type": "aws_launch_configuration",
                    "depends_on": [
                        "aws_iam_instance_profile.masters-k8s-eu-central-1a-sumo-mozit-cloud",
                        "aws_key_pair.kubernetes-k8s-eu-central-1a-sumo-mozit-cloud-3487caebf6e06151c19ef85d3e2bba12",
                        "aws_security_group.masters-k8s-eu-central-1a-sumo-mozit-cloud"
                    ],
                    "primary": {
                        "id": "master-eu-central-1a.masters.k8s.eu-central-1a.sumo.mozit.cloud-20190501030955337400000002",
                        "attributes": {
                            "associate_public_ip_address": "true",
                            "ebs_block_device.#": "0",
                            "ebs_optimized": "false",
                            "enable_monitoring": "false",
                            "ephemeral_block_device.#": "0",
                            "iam_instance_profile": "masters.k8s.eu-central-1a.sumo.mozit.cloud",
                            "id": "master-eu-central-1a.masters.k8s.eu-central-1a.sumo.mozit.cloud-20190501030955337400000002",
                            "image_id": "ami-01f41dae26a9cdca7",
                            "instance_type": "m4.large",
                            "key_name": "kubernetes.k8s.eu-central-1a.sumo.mozit.cloud-34:87:ca:eb:f6:e0:61:51:c1:9e:f8:5d:3e:2b:ba:12",
                            "name": "master-eu-central-1a.masters.k8s.eu-central-1a.sumo.mozit.cloud-20190501030955337400000002",
                            "name_prefix": "master-eu-central-1a.masters.k8s.eu-central-1a.sumo.mozit.cloud-",
                            "root_block_device.#": "1",
                            "root_block_device.0.delete_on_termination": "true",
                            "root_block_device.0.iops": "0",
                            "root_block_device.0.volume_size": "250",
                            "root_block_device.0.volume_type": "gp2",
                            "security_groups.#": "1",
                            "security_groups.2970484892": "sg-0718c0e14df1c5297",
                            "spot_price": "",
                            "user_data": "06e43497f07ca9230eb387cc5f9bddd0cd7760c1",
                            "vpc_classic_link_id": "",
                            "vpc_classic_link_security_groups.#": "0"
                        },
                        "meta": {},
                        "tainted": false
                    },
                    "deposed": [],
                    "provider": "provider.aws"
                },
                "aws_launch_configuration.nodes-k8s-eu-central-1a-sumo-mozit-cloud": {
                    "type": "aws_launch_configuration",
                    "depends_on": [
                        "aws_iam_instance_profile.nodes-k8s-eu-central-1a-sumo-mozit-cloud",
                        "aws_key_pair.kubernetes-k8s-eu-central-1a-sumo-mozit-cloud-3487caebf6e06151c19ef85d3e2bba12",
                        "aws_security_group.nodes-k8s-eu-central-1a-sumo-mozit-cloud"
                    ],
                    "primary": {
                        "id": "nodes.k8s.eu-central-1a.sumo.mozit.cloud-20190501030954787700000001",
                        "attributes": {
                            "associate_public_ip_address": "true",
                            "ebs_block_device.#": "0",
                            "ebs_optimized": "false",
                            "enable_monitoring": "false",
                            "ephemeral_block_device.#": "0",
                            "iam_instance_profile": "nodes.k8s.eu-central-1a.sumo.mozit.cloud",
                            "id": "nodes.k8s.eu-central-1a.sumo.mozit.cloud-20190501030954787700000001",
                            "image_id": "ami-01f41dae26a9cdca7",
                            "instance_type": "m4.xlarge",
                            "key_name": "kubernetes.k8s.eu-central-1a.sumo.mozit.cloud-34:87:ca:eb:f6:e0:61:51:c1:9e:f8:5d:3e:2b:ba:12",
                            "name": "nodes.k8s.eu-central-1a.sumo.mozit.cloud-20190501030954787700000001",
                            "name_prefix": "nodes.k8s.eu-central-1a.sumo.mozit.cloud-",
                            "root_block_device.#": "1",
                            "root_block_device.0.delete_on_termination": "true",
                            "root_block_device.0.iops": "0",
                            "root_block_device.0.volume_size": "250",
                            "root_block_device.0.volume_type": "gp2",
                            "security_groups.#": "1",
                            "security_groups.1595309064": "sg-014c42136785fb609",
                            "spot_price": "",
                            "user_data": "c7b402e33ab863baca464dc998797d663592c39d",
                            "vpc_classic_link_id": "",
                            "vpc_classic_link_security_groups.#": "0"
                        },
                        "meta": {},
                        "tainted": false
                    },
                    "deposed": [],
                    "provider": "provider.aws"
                },
                "aws_security_group.masters-k8s-eu-central-1a-sumo-mozit-cloud": {
                    "type": "aws_security_group",
                    "depends_on": [],
                    "primary": {
                        "id": "sg-0718c0e14df1c5297",
                        "attributes": {
                            "arn": "arn:aws:ec2:eu-central-1:095732026120:security-group/sg-0718c0e14df1c5297",
                            "description": "Security group for masters",
                            "egress.#": "0",
                            "id": "sg-0718c0e14df1c5297",
                            "ingress.#": "0",
                            "name": "masters.k8s.eu-central-1a.sumo.mozit.cloud",
                            "owner_id": "095732026120",
                            "revoke_rules_on_delete": "false",
                            "tags.%": "3",
                            "tags.KubernetesCluster": "k8s.eu-central-1a.sumo.mozit.cloud",
                            "tags.Name": "masters.k8s.eu-central-1a.sumo.mozit.cloud",
                            "tags.kubernetes.io/cluster/k8s.eu-central-1a.sumo.mozit.cloud": "owned",
                            "vpc_id": "vpc-0ed503a53aa863c76"
                        },
                        "meta": {
                            "e2bfb730-ecaa-11e6-8f88-34363bc7c4c0": {
                                "create": 600000000000,
                                "delete": 600000000000
                            },
                            "schema_version": "1"
                        },
                        "tainted": false
                    },
                    "deposed": [],
                    "provider": "provider.aws"
                },
                "aws_security_group.nodes-k8s-eu-central-1a-sumo-mozit-cloud": {
                    "type": "aws_security_group",
                    "depends_on": [],
                    "primary": {
                        "id": "sg-014c42136785fb609",
                        "attributes": {
                            "arn": "arn:aws:ec2:eu-central-1:095732026120:security-group/sg-014c42136785fb609",
                            "description": "Security group for nodes",
                            "egress.#": "0",
                            "id": "sg-014c42136785fb609",
                            "ingress.#": "0",
                            "name": "nodes.k8s.eu-central-1a.sumo.mozit.cloud",
                            "owner_id": "095732026120",
                            "revoke_rules_on_delete": "false",
                            "tags.%": "3",
                            "tags.KubernetesCluster": "k8s.eu-central-1a.sumo.mozit.cloud",
                            "tags.Name": "nodes.k8s.eu-central-1a.sumo.mozit.cloud",
                            "tags.kubernetes.io/cluster/k8s.eu-central-1a.sumo.mozit.cloud": "owned",
                            "vpc_id": "vpc-0ed503a53aa863c76"
                        },
                        "meta": {
                            "e2bfb730-ecaa-11e6-8f88-34363bc7c4c0": {
                                "create": 600000000000,
                                "delete": 600000000000
                            },
                            "schema_version": "1"
                        },
                        "tainted": false
                    },
                    "deposed": [],
                    "provider": "provider.aws"
                },
                "aws_security_group_rule.all-master-to-master": {
                    "type": "aws_security_group_rule",
                    "depends_on": [
                        "aws_security_group.masters-k8s-eu-central-1a-sumo-mozit-cloud"
                    ],
                    "primary": {
                        "id": "sgrule-2748880004",
                        "attributes": {
                            "from_port": "0",
                            "id": "sgrule-2748880004",
                            "protocol": "-1",
                            "security_group_id": "sg-0718c0e14df1c5297",
                            "self": "false",
                            "source_security_group_id": "sg-0718c0e14df1c5297",
                            "to_port": "0",
                            "type": "ingress"
                        },
                        "meta": {
                            "schema_version": "2"
                        },
                        "tainted": false
                    },
                    "deposed": [],
                    "provider": "provider.aws"
                },
                "aws_security_group_rule.all-master-to-node": {
                    "type": "aws_security_group_rule",
                    "depends_on": [
                        "aws_security_group.masters-k8s-eu-central-1a-sumo-mozit-cloud",
                        "aws_security_group.nodes-k8s-eu-central-1a-sumo-mozit-cloud"
                    ],
                    "primary": {
                        "id": "sgrule-2364406682",
                        "attributes": {
                            "from_port": "0",
                            "id": "sgrule-2364406682",
                            "protocol": "-1",
                            "security_group_id": "sg-014c42136785fb609",
                            "self": "false",
                            "source_security_group_id": "sg-0718c0e14df1c5297",
                            "to_port": "0",
                            "type": "ingress"
                        },
                        "meta": {
                            "schema_version": "2"
                        },
                        "tainted": false
                    },
                    "deposed": [],
                    "provider": "provider.aws"
                },
                "aws_security_group_rule.all-node-to-node": {
                    "type": "aws_security_group_rule",
                    "depends_on": [
                        "aws_security_group.nodes-k8s-eu-central-1a-sumo-mozit-cloud"
                    ],
                    "primary": {
                        "id": "sgrule-3228788619",
                        "attributes": {
                            "from_port": "0",
                            "id": "sgrule-3228788619",
                            "protocol": "-1",
                            "security_group_id": "sg-014c42136785fb609",
                            "self": "false",
                            "source_security_group_id": "sg-014c42136785fb609",
                            "to_port": "0",
                            "type": "ingress"
                        },
                        "meta": {
                            "schema_version": "2"
                        },
                        "tainted": false
                    },
                    "deposed": [],
                    "provider": "provider.aws"
                },
                "aws_security_group_rule.https-external-to-master-64-53-133-59--32": {
                    "type": "aws_security_group_rule",
                    "depends_on": [
                        "aws_security_group.masters-k8s-eu-central-1a-sumo-mozit-cloud"
                    ],
                    "primary": {
                        "id": "sgrule-927910534",
                        "attributes": {
                            "cidr_blocks.#": "1",
                            "cidr_blocks.0": "64.53.133.59/32",
                            "from_port": "443",
                            "id": "sgrule-927910534",
                            "protocol": "tcp",
                            "security_group_id": "sg-0718c0e14df1c5297",
                            "self": "false",
                            "to_port": "443",
                            "type": "ingress"
                        },
                        "meta": {
                            "schema_version": "2"
                        },
                        "tainted": false
                    },
                    "deposed": [],
                    "provider": "provider.aws"
                },
                "aws_security_group_rule.master-egress": {
                    "type": "aws_security_group_rule",
                    "depends_on": [
                        "aws_security_group.masters-k8s-eu-central-1a-sumo-mozit-cloud"
                    ],
                    "primary": {
                        "id": "sgrule-2442569847",
                        "attributes": {
                            "cidr_blocks.#": "1",
                            "cidr_blocks.0": "0.0.0.0/0",
                            "from_port": "0",
                            "id": "sgrule-2442569847",
                            "protocol": "-1",
                            "security_group_id": "sg-0718c0e14df1c5297",
                            "self": "false",
                            "to_port": "0",
                            "type": "egress"
                        },
                        "meta": {
                            "schema_version": "2"
                        },
                        "tainted": false
                    },
                    "deposed": [],
                    "provider": "provider.aws"
                },
                "aws_security_group_rule.node-egress": {
                    "type": "aws_security_group_rule",
                    "depends_on": [
                        "aws_security_group.nodes-k8s-eu-central-1a-sumo-mozit-cloud"
                    ],
                    "primary": {
                        "id": "sgrule-2896322439",
                        "attributes": {
                            "cidr_blocks.#": "1",
                            "cidr_blocks.0": "0.0.0.0/0",
                            "from_port": "0",
                            "id": "sgrule-2896322439",
                            "protocol": "-1",
                            "security_group_id": "sg-014c42136785fb609",
                            "self": "false",
                            "to_port": "0",
                            "type": "egress"
                        },
                        "meta": {
                            "schema_version": "2"
                        },
                        "tainted": false
                    },
                    "deposed": [],
                    "provider": "provider.aws"
                },
                "aws_security_group_rule.node-to-master-protocol-ipip": {
                    "type": "aws_security_group_rule",
                    "depends_on": [
                        "aws_security_group.masters-k8s-eu-central-1a-sumo-mozit-cloud",
                        "aws_security_group.nodes-k8s-eu-central-1a-sumo-mozit-cloud"
                    ],
                    "primary": {
                        "id": "sgrule-2130864869",
                        "attributes": {
                            "from_port": "0",
                            "id": "sgrule-2130864869",
                            "protocol": "4",
                            "security_group_id": "sg-0718c0e14df1c5297",
                            "self": "false",
                            "source_security_group_id": "sg-014c42136785fb609",
                            "to_port": "65535",
                            "type": "ingress"
                        },
                        "meta": {
                            "schema_version": "2"
                        },
                        "tainted": false
                    },
                    "deposed": [],
                    "provider": "provider.aws"
                },
                "aws_security_group_rule.node-to-master-tcp-1-2379": {
                    "type": "aws_security_group_rule",
                    "depends_on": [
                        "aws_security_group.masters-k8s-eu-central-1a-sumo-mozit-cloud",
                        "aws_security_group.nodes-k8s-eu-central-1a-sumo-mozit-cloud"
                    ],
                    "primary": {
                        "id": "sgrule-308856947",
                        "attributes": {
                            "from_port": "1",
                            "id": "sgrule-308856947",
                            "protocol": "tcp",
                            "security_group_id": "sg-0718c0e14df1c5297",
                            "self": "false",
                            "source_security_group_id": "sg-014c42136785fb609",
                            "to_port": "2379",
                            "type": "ingress"
                        },
                        "meta": {
                            "schema_version": "2"
                        },
                        "tainted": false
                    },
                    "deposed": [],
                    "provider": "provider.aws"
                },
                "aws_security_group_rule.node-to-master-tcp-2382-4001": {
                    "type": "aws_security_group_rule",
                    "depends_on": [
                        "aws_security_group.masters-k8s-eu-central-1a-sumo-mozit-cloud",
                        "aws_security_group.nodes-k8s-eu-central-1a-sumo-mozit-cloud"
                    ],
                    "primary": {
                        "id": "sgrule-991092862",
                        "attributes": {
                            "from_port": "2382",
                            "id": "sgrule-991092862",
                            "protocol": "tcp",
                            "security_group_id": "sg-0718c0e14df1c5297",
                            "self": "false",
                            "source_security_group_id": "sg-014c42136785fb609",
                            "to_port": "4001",
                            "type": "ingress"
                        },
                        "meta": {
                            "schema_version": "2"
                        },
                        "tainted": false
                    },
                    "deposed": [],
                    "provider": "provider.aws"
                },
                "aws_security_group_rule.node-to-master-tcp-4003-65535": {
                    "type": "aws_security_group_rule",
                    "depends_on": [
                        "aws_security_group.masters-k8s-eu-central-1a-sumo-mozit-cloud",
                        "aws_security_group.nodes-k8s-eu-central-1a-sumo-mozit-cloud"
                    ],
                    "primary": {
                        "id": "sgrule-3371257650",
                        "attributes": {
                            "from_port": "4003",
                            "id": "sgrule-3371257650",
                            "protocol": "tcp",
                            "security_group_id": "sg-0718c0e14df1c5297",
                            "self": "false",
                            "source_security_group_id": "sg-014c42136785fb609",
                            "to_port": "65535",
                            "type": "ingress"
                        },
                        "meta": {
                            "schema_version": "2"
                        },
                        "tainted": false
                    },
                    "deposed": [],
                    "provider": "provider.aws"
                },
                "aws_security_group_rule.node-to-master-udp-1-65535": {
                    "type": "aws_security_group_rule",
                    "depends_on": [
                        "aws_security_group.masters-k8s-eu-central-1a-sumo-mozit-cloud",
                        "aws_security_group.nodes-k8s-eu-central-1a-sumo-mozit-cloud"
                    ],
                    "primary": {
                        "id": "sgrule-2884717448",
                        "attributes": {
                            "from_port": "1",
                            "id": "sgrule-2884717448",
                            "protocol": "udp",
                            "security_group_id": "sg-0718c0e14df1c5297",
                            "self": "false",
                            "source_security_group_id": "sg-014c42136785fb609",
                            "to_port": "65535",
                            "type": "ingress"
                        },
                        "meta": {
                            "schema_version": "2"
                        },
                        "tainted": false
                    },
                    "deposed": [],
                    "provider": "provider.aws"
                },
                "aws_security_group_rule.ssh-external-to-master-64-53-133-59--32": {
                    "type": "aws_security_group_rule",
                    "depends_on": [
                        "aws_security_group.masters-k8s-eu-central-1a-sumo-mozit-cloud"
                    ],
                    "primary": {
                        "id": "sgrule-1452919567",
                        "attributes": {
                            "cidr_blocks.#": "1",
                            "cidr_blocks.0": "64.53.133.59/32",
                            "from_port": "22",
                            "id": "sgrule-1452919567",
                            "protocol": "tcp",
                            "security_group_id": "sg-0718c0e14df1c5297",
                            "self": "false",
                            "to_port": "22",
                            "type": "ingress"
                        },
                        "meta": {
                            "schema_version": "2"
                        },
                        "tainted": false
                    },
                    "deposed": [],
                    "provider": "provider.aws"
                },
                "aws_security_group_rule.ssh-external-to-node-64-53-133-59--32": {
                    "type": "aws_security_group_rule",
                    "depends_on": [
                        "aws_security_group.nodes-k8s-eu-central-1a-sumo-mozit-cloud"
                    ],
                    "primary": {
                        "id": "sgrule-2897855235",
                        "attributes": {
                            "cidr_blocks.#": "1",
                            "cidr_blocks.0": "64.53.133.59/32",
                            "from_port": "22",
                            "id": "sgrule-2897855235",
                            "protocol": "tcp",
                            "security_group_id": "sg-014c42136785fb609",
                            "self": "false",
                            "to_port": "22",
                            "type": "ingress"
                        },
                        "meta": {
                            "schema_version": "2"
                        },
                        "tainted": false
                    },
                    "deposed": [],
                    "provider": "provider.aws"
                }
            },
            "depends_on": []
        }
    ]
}
